
Microsoft Visual Studio Solution File, Format Version 12.00
# Visual Studio Version 17
VisualStudioVersion = 17.8.34408.163
MinimumVisualStudioVersion = 10.0.40219.1
Project("{2150E333-8FDC-42A3-9474-1A3956D46DE8}") = "Creational", "Creational", "{41999BE9-6242-4E7A-8CFC-6CC806C41201}"
EndProject
Project("{2150E333-8FDC-42A3-9474-1A3956D46DE8}") = "Structural", "Structural", "{0D2A9F93-FD24-4814-A628-E15E5AD3B133}"
EndProject
Project("{2150E333-8FDC-42A3-9474-1A3956D46DE8}") = "Behavioral", "Behavioral", "{EBDFEE5F-A51C-4C74-B254-0A8D16A0DB22}"
EndProject
Project("{2150E333-8FDC-42A3-9474-1A3956D46DE8}") = "Principles", "Principles", "{16623321-8A2E-436F-84F4-483DF347964B}"
EndProject
Project("{FAE04EC0-301F-11D3-BF4B-00C04F79EFBC}") = "BeforeSOLID", "BeforeSOLID\BeforeSOLID.csproj", "{0D01E942-1043-4FD0-BB68-D3254F3095BF}"
EndProject
Project("{9A19103F-16F7-4668-BE54-9A1E7A4F7556}") = "AfterSOLID", "AfterSOLID\AfterSOLID.csproj", "{5C594487-1589-438E-80CD-D56C57C7F83A}"
EndProject
Project("{FAE04EC0-301F-11D3-BF4B-00C04F79EFBC}") = "BeforeDRY", "BeforeDRY\BeforeDRY.csproj", "{84F77218-0478-45B6-9120-E38D423A6DFC}"
EndProject
Project("{FAE04EC0-301F-11D3-BF4B-00C04F79EFBC}") = "AfterDRY", "AfterDRY\AfterDRY.csproj", "{29B05D06-ADCE-4DFA-95F1-5C1EBC403DC1}"
EndProject
Project("{FAE04EC0-301F-11D3-BF4B-00C04F79EFBC}") = "BeforeKISS", "BeforeKISS\BeforeKISS.csproj", "{1F271F2B-4847-42AC-80BD-C62AE0D33992}"
EndProject
Project("{FAE04EC0-301F-11D3-BF4B-00C04F79EFBC}") = "AfterKISS", "AfterKISS\AfterKISS.csproj", "{63FF0D99-1B81-4500-80CF-DF618A32BE76}"
EndProject
Global
	GlobalSection(SolutionConfigurationPlatforms) = preSolution
		Debug|Any CPU = Debug|Any CPU
		Release|Any CPU = Release|Any CPU
	EndGlobalSection
	GlobalSection(ProjectConfigurationPlatforms) = postSolution
		{0D01E942-1043-4FD0-BB68-D3254F3095BF}.Debug|Any CPU.ActiveCfg = Debug|Any CPU
		{0D01E942-1043-4FD0-BB68-D3254F3095BF}.Debug|Any CPU.Build.0 = Debug|Any CPU
		{0D01E942-1043-4FD0-BB68-D3254F3095BF}.Release|Any CPU.ActiveCfg = Release|Any CPU
		{0D01E942-1043-4FD0-BB68-D3254F3095BF}.Release|Any CPU.Build.0 = Release|Any CPU
		{5C594487-1589-438E-80CD-D56C57C7F83A}.Debug|Any CPU.ActiveCfg = Debug|Any CPU
		{5C594487-1589-438E-80CD-D56C57C7F83A}.Debug|Any CPU.Build.0 = Debug|Any CPU
		{5C594487-1589-438E-80CD-D56C57C7F83A}.Release|Any CPU.ActiveCfg = Release|Any CPU
		{5C594487-1589-438E-80CD-D56C57C7F83A}.Release|Any CPU.Build.0 = Release|Any CPU
		{84F77218-0478-45B6-9120-E38D423A6DFC}.Debug|Any CPU.ActiveCfg = Debug|Any CPU
		{84F77218-0478-45B6-9120-E38D423A6DFC}.Debug|Any CPU.Build.0 = Debug|Any CPU
		{84F77218-0478-45B6-9120-E38D423A6DFC}.Release|Any CPU.ActiveCfg = Release|Any CPU
		{84F77218-0478-45B6-9120-E38D423A6DFC}.Release|Any CPU.Build.0 = Release|Any CPU
		{29B05D06-ADCE-4DFA-95F1-5C1EBC403DC1}.Debug|Any CPU.ActiveCfg = Debug|Any CPU
		{29B05D06-ADCE-4DFA-95F1-5C1EBC403DC1}.Debug|Any CPU.Build.0 = Debug|Any CPU
		{29B05D06-ADCE-4DFA-95F1-5C1EBC403DC1}.Release|Any CPU.ActiveCfg = Release|Any CPU
		{29B05D06-ADCE-4DFA-95F1-5C1EBC403DC1}.Release|Any CPU.Build.0 = Release|Any CPU
		{1F271F2B-4847-42AC-80BD-C62AE0D33992}.Debug|Any CPU.ActiveCfg = Debug|Any CPU
		{1F271F2B-4847-42AC-80BD-C62AE0D33992}.Debug|Any CPU.Build.0 = Debug|Any CPU
		{1F271F2B-4847-42AC-80BD-C62AE0D33992}.Release|Any CPU.ActiveCfg = Release|Any CPU
		{1F271F2B-4847-42AC-80BD-C62AE0D33992}.Release|Any CPU.Build.0 = Release|Any CPU
		{63FF0D99-1B81-4500-80CF-DF618A32BE76}.Debug|Any CPU.ActiveCfg = Debug|Any CPU
		{63FF0D99-1B81-4500-80CF-DF618A32BE76}.Debug|Any CPU.Build.0 = Debug|Any CPU
		{63FF0D99-1B81-4500-80CF-DF618A32BE76}.Release|Any CPU.ActiveCfg = Release|Any CPU
		{63FF0D99-1B81-4500-80CF-DF618A32BE76}.Release|Any CPU.Build.0 = Release|Any CPU
	EndGlobalSection
	GlobalSection(SolutionProperties) = preSolution
		HideSolutionNode = FALSE
	EndGlobalSection
	GlobalSection(NestedProjects) = preSolution
		{0D01E942-1043-4FD0-BB68-D3254F3095BF} = {16623321-8A2E-436F-84F4-483DF347964B}
		{5C594487-1589-438E-80CD-D56C57C7F83A} = {16623321-8A2E-436F-84F4-483DF347964B}
		{84F77218-0478-45B6-9120-E38D423A6DFC} = {16623321-8A2E-436F-84F4-483DF347964B}
		{29B05D06-ADCE-4DFA-95F1-5C1EBC403DC1} = {16623321-8A2E-436F-84F4-483DF347964B}
		{1F271F2B-4847-42AC-80BD-C62AE0D33992} = {16623321-8A2E-436F-84F4-483DF347964B}
		{63FF0D99-1B81-4500-80CF-DF618A32BE76} = {16623321-8A2E-436F-84F4-483DF347964B}
	EndGlobalSection
	GlobalSection(ExtensibilityGlobals) = postSolution
		SolutionGuid = {F817C07C-D055-4416-8BC7-A6C4184DD680}
	EndGlobalSection
EndGlobal
